
Microsoft Visual Studio Solution File, Format Version 11.00
# Visual Studio 2010
Project("{FAE04EC0-301F-11D3-BF4B-00C04F79EFBC}") = "Ajaxcontrol", "Ajaxcontrol\Ajaxcontrol.csproj", "{AA408392-B9B5-45BF-8EBB-600C8BAD7180}"
EndProject
Global
	GlobalSection(SolutionConfigurationPlatforms) = preSolution
		Debug|Any CPU = Debug|Any CPU
		Release|Any CPU = Release|Any CPU
	EndGlobalSection
	GlobalSection(ProjectConfigurationPlatforms) = postSolution
		{AA408392-B9B5-45BF-8EBB-600C8BAD7180}.Debug|Any CPU.ActiveCfg = Debug|Any CPU
		{AA408392-B9B5-45BF-8EBB-600C8BAD7180}.Debug|Any CPU.Build.0 = Debug|Any CPU
		{AA408392-B9B5-45BF-8EBB-600C8BAD7180}.Release|Any CPU.ActiveCfg = Release|Any CPU
		{AA408392-B9B5-45BF-8EBB-600C8BAD7180}.Release|Any CPU.Build.0 = Release|Any CPU
	EndGlobalSection
	GlobalSection(SolutionProperties) = preSolution
		HideSolutionNode = FALSE
	EndGlobalSection
EndGlobal
